
Microsoft Visual Studio Solution File, Format Version 9.00
# Visual Studio 2005
Project("{8BC9CEB8-8B4A-11D0-8D11-00A0C91BC942}") = "SkinResEditor", "SkinResEditor.vcproj", "{17B1EB21-F1B0-4F3D-B9E9-8E26F40AC1CC}"
EndProject
Global
	GlobalSection(SolutionConfigurationPlatforms) = preSolution
		Debug|Win32 = Debug|Win32
		Release|Win32 = Release|Win32
	EndGlobalSection
	GlobalSection(ProjectConfigurationPlatforms) = postSolution
		{17B1EB21-F1B0-4F3D-B9E9-8E26F40AC1CC}.Debug|Win32.ActiveCfg = Debug|Win32
		{17B1EB21-F1B0-4F3D-B9E9-8E26F40AC1CC}.Debug|Win32.Build.0 = Debug|Win32
		{17B1EB21-F1B0-4F3D-B9E9-8E26F40AC1CC}.Release|Win32.ActiveCfg = Release|Win32
		{17B1EB21-F1B0-4F3D-B9E9-8E26F40AC1CC}.Release|Win32.Build.0 = Release|Win32
	EndGlobalSection
	GlobalSection(SolutionProperties) = preSolution
		HideSolutionNode = FALSE
	EndGlobalSection
EndGlobal
