
Microsoft Visual Studio Solution File, Format Version 9.00
# Visual Studio 2005
Project("{8BC9CEB8-8B4A-11D0-8D11-00A0C91BC942}") = "lsesvr", "lsesvr.vcproj", "{CD613E12-EDA0-43F4-8CEB-421026376243}"
EndProject
Project("{8BC9CEB8-8B4A-11D0-8D11-00A0C91BC942}") = "lsesvrPS", "lsesvrPS.vcproj", "{DCF8C41D-8BC1-4425-94DB-AB12DF868D2D}"
	ProjectSection(ProjectDependencies) = postProject
		{CD613E12-EDA0-43F4-8CEB-421026376243} = {CD613E12-EDA0-43F4-8CEB-421026376243}
	EndProjectSection
EndProject
Global
	GlobalSection(SolutionConfigurationPlatforms) = preSolution
		Debug|Win32 = Debug|Win32
		Release|Win32 = Release|Win32
	EndGlobalSection
	GlobalSection(ProjectConfigurationPlatforms) = postSolution
		{CD613E12-EDA0-43F4-8CEB-421026376243}.Debug|Win32.ActiveCfg = Debug|Win32
		{CD613E12-EDA0-43F4-8CEB-421026376243}.Debug|Win32.Build.0 = Debug|Win32
		{CD613E12-EDA0-43F4-8CEB-421026376243}.Release|Win32.ActiveCfg = Release|Win32
		{CD613E12-EDA0-43F4-8CEB-421026376243}.Release|Win32.Build.0 = Release|Win32
		{DCF8C41D-8BC1-4425-94DB-AB12DF868D2D}.Debug|Win32.ActiveCfg = Debug|Win32
		{DCF8C41D-8BC1-4425-94DB-AB12DF868D2D}.Release|Win32.ActiveCfg = Release|Win32
	EndGlobalSection
	GlobalSection(SolutionProperties) = preSolution
		HideSolutionNode = FALSE
	EndGlobalSection
EndGlobal
